{
  "pins" : [
    {
      "identity" : "sift-ios",
      "kind" : "remoteSourceControl",
      "location" : "https://github.com/SiftScience/sift-ios.git",
      "state" : {
        "revision" : "46bf3b54f5d231dc4b565d27108de4f823117413",
        "version" : "2.1.1"
      }
    }
  ],
  "version" : 2
}
